<Solution>
  <Configurations>
    <Platform Name="x64" />
    <Platform Name="x86" />
  </Configurations>
  <Folder Name="/Элементы решения/">
    <File Path="LICENSE.txt" />
    <File Path="README.md" />
  </Folder>
  <Project Path="prism/prism.vcxproj" Id="f92c783d-8c47-4613-9ad0-b208cc9ea467" />
</Solution>
